
Microsoft Visual Studio Solution File, Format Version 12.00
Project("{FAE04EC0-301F-11D3-BF4B-00C04F79EFBC}") = "TrueMoon.Contracts", "TrueMoon.Contracts\TrueMoon.Contracts.csproj", "{7524C513-D28B-48CD-956A-D5BAC8E782C3}"
EndProject
Project("{FAE04EC0-301F-11D3-BF4B-00C04F79EFBC}") = "TrueMoon", "TrueMoon\TrueMoon.csproj", "{DBE59DB7-F5B7-4F51-B274-652D903A95F8}"
EndProject
Project("{FAE04EC0-301F-11D3-BF4B-00C04F79EFBC}") = "TrueMoon.Tests", "TrueMoon.Tests\TrueMoon.Tests.csproj", "{1B399E16-43E9-460B-BE1F-45708E8A194C}"
EndProject
Project("{2150E333-8FDC-42A3-9474-1A3956D46DE8}") = "Items", "Items", "{01FFF981-C1B3-443B-9E2F-9122562E55CF}"
	ProjectSection(SolutionItems) = preProject
		Directory.Build.props = Directory.Build.props
		global.json = global.json
		..\.gitignore = ..\.gitignore
		Directory.packages.props = Directory.packages.props
	EndProjectSection
EndProject
Project("{FAE04EC0-301F-11D3-BF4B-00C04F79EFBC}") = "TrueMoon.Extensions.DependencyInjection", "TrueMoon.Extensions.DependencyInjection\TrueMoon.Extensions.DependencyInjection.csproj", "{4EFF9FAC-2FF9-4166-9525-B70FC3431597}"
EndProject
Project("{FAE04EC0-301F-11D3-BF4B-00C04F79EFBC}") = "TrueMoon.Thorium", "TrueMoon.Thorium\TrueMoon.Thorium.csproj", "{799C59F0-4346-4089-8FB6-88B9AF3C03EE}"
EndProject
Project("{FAE04EC0-301F-11D3-BF4B-00C04F79EFBC}") = "TrueMoon.Alloy", "TrueMoon.Alloy\TrueMoon.Alloy.csproj", "{8DF1B895-6596-4DD2-A9C3-FF9E8993BE47}"
EndProject
Project("{FAE04EC0-301F-11D3-BF4B-00C04F79EFBC}") = "TrueMoon.Aluminum", "TrueMoon.Aluminum\TrueMoon.Aluminum.csproj", "{E7C1380E-B427-40B4-82BB-2BFBC0232E79}"
EndProject
Project("{FAE04EC0-301F-11D3-BF4B-00C04F79EFBC}") = "TrueMoon.Titanium", "TrueMoon.Titanium\TrueMoon.Titanium.csproj", "{CA0AF64F-286D-4C83-92AF-C44A86BBD52D}"
EndProject
Project("{FAE04EC0-301F-11D3-BF4B-00C04F79EFBC}") = "TrueMoon.Titanium.Tests", "TrueMoon.Titanium.Tests\TrueMoon.Titanium.Tests.csproj", "{245EF79D-B5D3-4CD8-A81C-267FFDE98425}"
EndProject
Project("{FAE04EC0-301F-11D3-BF4B-00C04F79EFBC}") = "TrueMoon.Thorium.Generator", "TrueMoon.Thorium.Generator\TrueMoon.Thorium.Generator.csproj", "{A23795FE-AB51-4D97-A476-6E6A1188E8C6}"
EndProject
Project("{FAE04EC0-301F-11D3-BF4B-00C04F79EFBC}") = "TrueMoon.Core", "TrueMoon.Core\TrueMoon.Core.csproj", "{4911CB1D-9FAB-4288-8CF2-E1223460BC60}"
EndProject
Project("{2150E333-8FDC-42A3-9474-1A3956D46DE8}") = "ManualTests", "ManualTests", "{BF0EF421-2E06-46CC-8D0A-7279A5E5DDD5}"
EndProject
Project("{FAE04EC0-301F-11D3-BF4B-00C04F79EFBC}") = "TitaniumTest", "ManualTests\TitaniumTest\TitaniumTest.csproj", "{F12ADCB2-BAC9-44E8-9DC2-195165C2FEF5}"
EndProject
Project("{FAE04EC0-301F-11D3-BF4B-00C04F79EFBC}") = "TrueMoon.Thorium.Tests", "TrueMoon.Thorium.Tests\TrueMoon.Thorium.Tests.csproj", "{8EA3061B-135D-4C0A-9D8B-0291721DCC82}"
EndProject
Project("{FAE04EC0-301F-11D3-BF4B-00C04F79EFBC}") = "AlloyTest", "ManualTests\AlloyTest\AlloyTest.csproj", "{D1FE7FCF-2AEC-48D9-80D6-2D93AE59D183}"
EndProject
Project("{FAE04EC0-301F-11D3-BF4B-00C04F79EFBC}") = "TrueMoon.Thorium.Generator.Tests", "TrueMoon.Thorium.Generator.Tests\TrueMoon.Thorium.Generator.Tests.csproj", "{1CA9218B-7DBE-4ABB-9800-FB3C639456B6}"
EndProject
Global
	GlobalSection(SolutionConfigurationPlatforms) = preSolution
		Debug|Any CPU = Debug|Any CPU
		Release|Any CPU = Release|Any CPU
	EndGlobalSection
	GlobalSection(ProjectConfigurationPlatforms) = postSolution
		{7524C513-D28B-48CD-956A-D5BAC8E782C3}.Debug|Any CPU.ActiveCfg = Debug|Any CPU
		{7524C513-D28B-48CD-956A-D5BAC8E782C3}.Debug|Any CPU.Build.0 = Debug|Any CPU
		{7524C513-D28B-48CD-956A-D5BAC8E782C3}.Release|Any CPU.ActiveCfg = Release|Any CPU
		{7524C513-D28B-48CD-956A-D5BAC8E782C3}.Release|Any CPU.Build.0 = Release|Any CPU
		{DBE59DB7-F5B7-4F51-B274-652D903A95F8}.Debug|Any CPU.ActiveCfg = Debug|Any CPU
		{DBE59DB7-F5B7-4F51-B274-652D903A95F8}.Debug|Any CPU.Build.0 = Debug|Any CPU
		{DBE59DB7-F5B7-4F51-B274-652D903A95F8}.Release|Any CPU.ActiveCfg = Release|Any CPU
		{DBE59DB7-F5B7-4F51-B274-652D903A95F8}.Release|Any CPU.Build.0 = Release|Any CPU
		{1B399E16-43E9-460B-BE1F-45708E8A194C}.Debug|Any CPU.ActiveCfg = Debug|Any CPU
		{1B399E16-43E9-460B-BE1F-45708E8A194C}.Debug|Any CPU.Build.0 = Debug|Any CPU
		{1B399E16-43E9-460B-BE1F-45708E8A194C}.Release|Any CPU.ActiveCfg = Release|Any CPU
		{1B399E16-43E9-460B-BE1F-45708E8A194C}.Release|Any CPU.Build.0 = Release|Any CPU
		{4EFF9FAC-2FF9-4166-9525-B70FC3431597}.Debug|Any CPU.ActiveCfg = Debug|Any CPU
		{4EFF9FAC-2FF9-4166-9525-B70FC3431597}.Debug|Any CPU.Build.0 = Debug|Any CPU
		{4EFF9FAC-2FF9-4166-9525-B70FC3431597}.Release|Any CPU.ActiveCfg = Release|Any CPU
		{4EFF9FAC-2FF9-4166-9525-B70FC3431597}.Release|Any CPU.Build.0 = Release|Any CPU
		{799C59F0-4346-4089-8FB6-88B9AF3C03EE}.Debug|Any CPU.ActiveCfg = Debug|Any CPU
		{799C59F0-4346-4089-8FB6-88B9AF3C03EE}.Debug|Any CPU.Build.0 = Debug|Any CPU
		{799C59F0-4346-4089-8FB6-88B9AF3C03EE}.Release|Any CPU.ActiveCfg = Release|Any CPU
		{799C59F0-4346-4089-8FB6-88B9AF3C03EE}.Release|Any CPU.Build.0 = Release|Any CPU
		{8DF1B895-6596-4DD2-A9C3-FF9E8993BE47}.Debug|Any CPU.ActiveCfg = Debug|Any CPU
		{8DF1B895-6596-4DD2-A9C3-FF9E8993BE47}.Debug|Any CPU.Build.0 = Debug|Any CPU
		{8DF1B895-6596-4DD2-A9C3-FF9E8993BE47}.Release|Any CPU.ActiveCfg = Release|Any CPU
		{8DF1B895-6596-4DD2-A9C3-FF9E8993BE47}.Release|Any CPU.Build.0 = Release|Any CPU
		{E7C1380E-B427-40B4-82BB-2BFBC0232E79}.Debug|Any CPU.ActiveCfg = Debug|Any CPU
		{E7C1380E-B427-40B4-82BB-2BFBC0232E79}.Debug|Any CPU.Build.0 = Debug|Any CPU
		{E7C1380E-B427-40B4-82BB-2BFBC0232E79}.Release|Any CPU.ActiveCfg = Release|Any CPU
		{E7C1380E-B427-40B4-82BB-2BFBC0232E79}.Release|Any CPU.Build.0 = Release|Any CPU
		{CA0AF64F-286D-4C83-92AF-C44A86BBD52D}.Debug|Any CPU.ActiveCfg = Debug|Any CPU
		{CA0AF64F-286D-4C83-92AF-C44A86BBD52D}.Debug|Any CPU.Build.0 = Debug|Any CPU
		{CA0AF64F-286D-4C83-92AF-C44A86BBD52D}.Release|Any CPU.ActiveCfg = Release|Any CPU
		{CA0AF64F-286D-4C83-92AF-C44A86BBD52D}.Release|Any CPU.Build.0 = Release|Any CPU
		{245EF79D-B5D3-4CD8-A81C-267FFDE98425}.Debug|Any CPU.ActiveCfg = Debug|Any CPU
		{245EF79D-B5D3-4CD8-A81C-267FFDE98425}.Debug|Any CPU.Build.0 = Debug|Any CPU
		{245EF79D-B5D3-4CD8-A81C-267FFDE98425}.Release|Any CPU.ActiveCfg = Release|Any CPU
		{245EF79D-B5D3-4CD8-A81C-267FFDE98425}.Release|Any CPU.Build.0 = Release|Any CPU
		{A23795FE-AB51-4D97-A476-6E6A1188E8C6}.Debug|Any CPU.ActiveCfg = Debug|Any CPU
		{A23795FE-AB51-4D97-A476-6E6A1188E8C6}.Debug|Any CPU.Build.0 = Debug|Any CPU
		{A23795FE-AB51-4D97-A476-6E6A1188E8C6}.Release|Any CPU.ActiveCfg = Release|Any CPU
		{A23795FE-AB51-4D97-A476-6E6A1188E8C6}.Release|Any CPU.Build.0 = Release|Any CPU
		{4911CB1D-9FAB-4288-8CF2-E1223460BC60}.Debug|Any CPU.ActiveCfg = Debug|Any CPU
		{4911CB1D-9FAB-4288-8CF2-E1223460BC60}.Debug|Any CPU.Build.0 = Debug|Any CPU
		{4911CB1D-9FAB-4288-8CF2-E1223460BC60}.Release|Any CPU.ActiveCfg = Release|Any CPU
		{4911CB1D-9FAB-4288-8CF2-E1223460BC60}.Release|Any CPU.Build.0 = Release|Any CPU
		{F12ADCB2-BAC9-44E8-9DC2-195165C2FEF5}.Debug|Any CPU.ActiveCfg = Debug|Any CPU
		{F12ADCB2-BAC9-44E8-9DC2-195165C2FEF5}.Debug|Any CPU.Build.0 = Debug|Any CPU
		{F12ADCB2-BAC9-44E8-9DC2-195165C2FEF5}.Release|Any CPU.ActiveCfg = Release|Any CPU
		{F12ADCB2-BAC9-44E8-9DC2-195165C2FEF5}.Release|Any CPU.Build.0 = Release|Any CPU
		{8EA3061B-135D-4C0A-9D8B-0291721DCC82}.Debug|Any CPU.ActiveCfg = Debug|Any CPU
		{8EA3061B-135D-4C0A-9D8B-0291721DCC82}.Debug|Any CPU.Build.0 = Debug|Any CPU
		{8EA3061B-135D-4C0A-9D8B-0291721DCC82}.Release|Any CPU.ActiveCfg = Release|Any CPU
		{8EA3061B-135D-4C0A-9D8B-0291721DCC82}.Release|Any CPU.Build.0 = Release|Any CPU
		{D1FE7FCF-2AEC-48D9-80D6-2D93AE59D183}.Debug|Any CPU.ActiveCfg = Debug|Any CPU
		{D1FE7FCF-2AEC-48D9-80D6-2D93AE59D183}.Debug|Any CPU.Build.0 = Debug|Any CPU
		{D1FE7FCF-2AEC-48D9-80D6-2D93AE59D183}.Release|Any CPU.ActiveCfg = Release|Any CPU
		{D1FE7FCF-2AEC-48D9-80D6-2D93AE59D183}.Release|Any CPU.Build.0 = Release|Any CPU
		{1CA9218B-7DBE-4ABB-9800-FB3C639456B6}.Debug|Any CPU.ActiveCfg = Debug|Any CPU
		{1CA9218B-7DBE-4ABB-9800-FB3C639456B6}.Debug|Any CPU.Build.0 = Debug|Any CPU
		{1CA9218B-7DBE-4ABB-9800-FB3C639456B6}.Release|Any CPU.ActiveCfg = Release|Any CPU
		{1CA9218B-7DBE-4ABB-9800-FB3C639456B6}.Release|Any CPU.Build.0 = Release|Any CPU
	EndGlobalSection
	GlobalSection(NestedProjects) = preSolution
		{F12ADCB2-BAC9-44E8-9DC2-195165C2FEF5} = {BF0EF421-2E06-46CC-8D0A-7279A5E5DDD5}
		{D1FE7FCF-2AEC-48D9-80D6-2D93AE59D183} = {BF0EF421-2E06-46CC-8D0A-7279A5E5DDD5}
	EndGlobalSection
EndGlobal
