<Solution>
  <Folder Name="/Cobalt/">
    <Project Path="TrueMoon.Cobalt.Generator.Tests\TrueMoon.Cobalt.Generator.Tests.csproj" />
    <Project Path="TrueMoon.Cobalt.Generator\TrueMoon.Cobalt.Generator.csproj" />
    <Project Path="TrueMoon.Cobalt.Tests\TrueMoon.Cobalt.Tests.csproj" />
    <Project Path="TrueMoon.Cobalt\TrueMoon.Cobalt.csproj" />
  </Folder>
  <Folder Name="/Items/">
    <File Path="Directory.Build.props" />
    <File Path="global.json" />
    <File Path="..\.gitignore" />
    <File Path="Directory.Packages.props" />
  </Folder>
  <Folder Name="/ManualTests/">
    <Project Path="ManualTests/MithrilTest/MithrilTest.csproj" />
    <Project Path="ManualTests\AlloyTest\AlloyTest.csproj" />
    <Project Path="ManualTests\CobaltTest\CobaltTest.csproj" />
  </Folder>
  <Project Path="TrueMoon.Alloy\TrueMoon.Alloy.csproj" />
  <Project Path="TrueMoon.Argentis/TrueMoon.Argentis.csproj" />
  <Project Path="TrueMoon.Contracts\TrueMoon.Contracts.csproj" />
  <Project Path="TrueMoon.Core\TrueMoon.Core.csproj" />
  <Project Path="TrueMoon.Enerit.Generator.Tests/TrueMoon.Enerit.Generator.Tests.csproj" />
  <Project Path="TrueMoon.Enerit.Generator/TrueMoon.Enerit.Generator.csproj" />
  <Project Path="TrueMoon.Enerit.Tests/TrueMoon.Enerit.Tests.csproj" />
  <Project Path="TrueMoon.Enerit/TrueMoon.Enerit.csproj" />
  <Project Path="TrueMoon.Extensions.DependencyInjection\TrueMoon.Extensions.DependencyInjection.csproj" />
  <Project Path="TrueMoon.Mithril.Tests/TrueMoon.Mithril.Tests.csproj" />
  <Project Path="TrueMoon.Mithril/TrueMoon.Mithril.csproj" />
  <Project Path="TrueMoon.Tests\TrueMoon.Tests.csproj" />
  <Project Path="TrueMoon\TrueMoon.csproj" />
</Solution>